// !$*UTF8*$!
{
	archiveVersion = 1;
	classes = {
	};
	objectVersion = 46;
	objects = {

/* Begin PBXBuildFile section */
		45D2A9A01CA16D1700A465C4 /* LatticesTableViewCell.m in Sources */ = {isa = PBXBuildFile; fileRef = 45D2A99F1CA16D1700A465C4 /* LatticesTableViewCell.m */; };
		B9A0396D3081DF1C592B7F2D /* libPods-iCarrouselLayout.a in Frameworks */ = {isa = PBXBuildFile; fileRef = BB82EBB63FF354F69B20B405 /* libPods-iCarrouselLayout.a */; };
		D40723841C9FC66B00D7E0E4 /* BIImageBrowserViewController.m in Sources */ = {isa = PBXBuildFile; fileRef = D40723831C9FC66B00D7E0E4 /* BIImageBrowserViewController.m */; };
		D40723871C9FC85A00D7E0E4 /* BIImageBrowserTransition.m in Sources */ = {isa = PBXBuildFile; fileRef = D40723861C9FC85A00D7E0E4 /* BIImageBrowserTransition.m */; };
		D497CC3B1C8939B500C9B1CC /* main.m in Sources */ = {isa = PBXBuildFile; fileRef = D497CC3A1C8939B500C9B1CC /* main.m */; };
		D497CC3E1C8939B500C9B1CC /* AppDelegate.m in Sources */ = {isa = PBXBuildFile; fileRef = D497CC3D1C8939B500C9B1CC /* AppDelegate.m */; };
		D497CC411C8939B500C9B1CC /* ViewController.m in Sources */ = {isa = PBXBuildFile; fileRef = D497CC401C8939B500C9B1CC /* ViewController.m */; };
		D497CC441C8939B500C9B1CC /* Main.storyboard in Resources */ = {isa = PBXBuildFile; fileRef = D497CC421C8939B500C9B1CC /* Main.storyboard */; };
		D497CC461C8939B500C9B1CC /* Assets.xcassets in Resources */ = {isa = PBXBuildFile; fileRef = D497CC451C8939B500C9B1CC /* Assets.xcassets */; };
		D497CC491C8939B500C9B1CC /* LaunchScreen.storyboard in Resources */ = {isa = PBXBuildFile; fileRef = D497CC471C8939B500C9B1CC /* LaunchScreen.storyboard */; };
		D497CC5F1C893A5500C9B1CC /* BIPageControl.m in Sources */ = {isa = PBXBuildFile; fileRef = D497CC541C893A5500C9B1CC /* BIPageControl.m */; };
		D497CC601C893A5500C9B1CC /* iCarrouselProgressView.m in Sources */ = {isa = PBXBuildFile; fileRef = D497CC561C893A5500C9B1CC /* iCarrouselProgressView.m */; };
		D497CC611C893A5500C9B1CC /* iCarrouselSmallItemFlowLayout.m in Sources */ = {isa = PBXBuildFile; fileRef = D497CC581C893A5500C9B1CC /* iCarrouselSmallItemFlowLayout.m */; };
		D497CC621C893A5500C9B1CC /* iCarrouselFlowLayout.m in Sources */ = {isa = PBXBuildFile; fileRef = D497CC5A1C893A5500C9B1CC /* iCarrouselFlowLayout.m */; };
		D497CC631C893A5500C9B1CC /* iCarrouselContainerView.m in Sources */ = {isa = PBXBuildFile; fileRef = D497CC5C1C893A5500C9B1CC /* iCarrouselContainerView.m */; };
		D497CC641C893A5500C9B1CC /* UICollectionViewCell+setData.m in Sources */ = {isa = PBXBuildFile; fileRef = D497CC5E1C893A5500C9B1CC /* UICollectionViewCell+setData.m */; };
		D4B98BBD1CA150B60064A2B9 /* LatticeLayout.m in Sources */ = {isa = PBXBuildFile; fileRef = D4B98BBC1CA150B60064A2B9 /* LatticeLayout.m */; };
/* End PBXBuildFile section */

/* Begin PBXFileReference section */
		32F6B71D1474F9819C7D3677 /* Pods-iCarrouselLayout.debug.xcconfig */ = {isa = PBXFileReference; includeInIndex = 1; lastKnownFileType = text.xcconfig; name = "Pods-iCarrouselLayout.debug.xcconfig"; path = "Pods/Target Support Files/Pods-iCarrouselLayout/Pods-iCarrouselLayout.debug.xcconfig"; sourceTree = "<group>"; };
		45D2A99E1CA16D1700A465C4 /* LatticesTableViewCell.h */ = {isa = PBXFileReference; fileEncoding = 4; lastKnownFileType = sourcecode.c.h; path = LatticesTableViewCell.h; sourceTree = "<group>"; };
		45D2A99F1CA16D1700A465C4 /* LatticesTableViewCell.m */ = {isa = PBXFileReference; fileEncoding = 4; lastKnownFileType = sourcecode.c.objc; path = LatticesTableViewCell.m; sourceTree = "<group>"; };
		BB82EBB63FF354F69B20B405 /* libPods-iCarrouselLayout.a */ = {isa = PBXFileReference; explicitFileType = archive.ar; includeInIndex = 0; path = "libPods-iCarrouselLayout.a"; sourceTree = BUILT_PRODUCTS_DIR; };
		D3B91DA18B300C1B5D42C7DE /* Pods-iCarrouselLayout.release.xcconfig */ = {isa = PBXFileReference; includeInIndex = 1; lastKnownFileType = text.xcconfig; name = "Pods-iCarrouselLayout.release.xcconfig"; path = "Pods/Target Support Files/Pods-iCarrouselLayout/Pods-iCarrouselLayout.release.xcconfig"; sourceTree = "<group>"; };
		D40723821C9FC66B00D7E0E4 /* BIImageBrowserViewController.h */ = {isa = PBXFileReference; fileEncoding = 4; lastKnownFileType = sourcecode.c.h; path = BIImageBrowserViewController.h; sourceTree = "<group>"; };
		D40723831C9FC66B00D7E0E4 /* BIImageBrowserViewController.m */ = {isa = PBXFileReference; fileEncoding = 4; lastKnownFileType = sourcecode.c.objc; path = BIImageBrowserViewController.m; sourceTree = "<group>"; };
		D40723851C9FC85A00D7E0E4 /* BIImageBrowserTransition.h */ = {isa = PBXFileReference; fileEncoding = 4; lastKnownFileType = sourcecode.c.h; path = BIImageBrowserTransition.h; sourceTree = "<group>"; };
		D40723861C9FC85A00D7E0E4 /* BIImageBrowserTransition.m */ = {isa = PBXFileReference; fileEncoding = 4; lastKnownFileType = sourcecode.c.objc; path = BIImageBrowserTransition.m; sourceTree = "<group>"; };
		D497CC361C8939B500C9B1CC /* iCarrouselLayout.app */ = {isa = PBXFileReference; explicitFileType = wrapper.application; includeInIndex = 0; path = iCarrouselLayout.app; sourceTree = BUILT_PRODUCTS_DIR; };
		D497CC3A1C8939B500C9B1CC /* main.m */ = {isa = PBXFileReference; lastKnownFileType = sourcecode.c.objc; path = main.m; sourceTree = "<group>"; };
		D497CC3C1C8939B500C9B1CC /* AppDelegate.h */ = {isa = PBXFileReference; lastKnownFileType = sourcecode.c.h; path = AppDelegate.h; sourceTree = "<group>"; };
		D497CC3D1C8939B500C9B1CC /* AppDelegate.m */ = {isa = PBXFileReference; lastKnownFileType = sourcecode.c.objc; path = AppDelegate.m; sourceTree = "<group>"; };
		D497CC3F1C8939B500C9B1CC /* ViewController.h */ = {isa = PBXFileReference; lastKnownFileType = sourcecode.c.h; path = ViewController.h; sourceTree = "<group>"; };
		D497CC401C8939B500C9B1CC /* ViewController.m */ = {isa = PBXFileReference; lastKnownFileType = sourcecode.c.objc; path = ViewController.m; sourceTree = "<group>"; };
		D497CC431C8939B500C9B1CC /* Base */ = {isa = PBXFileReference; lastKnownFileType = file.storyboard; name = Base; path = Base.lproj/Main.storyboard; sourceTree = "<group>"; };
		D497CC451C8939B500C9B1CC /* Assets.xcassets */ = {isa = PBXFileReference; lastKnownFileType = folder.assetcatalog; path = Assets.xcassets; sourceTree = "<group>"; };
		D497CC481C8939B500C9B1CC /* Base */ = {isa = PBXFileReference; lastKnownFileType = file.storyboard; name = Base; path = Base.lproj/LaunchScreen.storyboard; sourceTree = "<group>"; };
		D497CC4A1C8939B500C9B1CC /* Info.plist */ = {isa = PBXFileReference; lastKnownFileType = text.plist.xml; path = Info.plist; sourceTree = "<group>"; };
		D497CC531C893A5500C9B1CC /* BIPageControl.h */ = {isa = PBXFileReference; fileEncoding = 4; lastKnownFileType = sourcecode.c.h; path = BIPageControl.h; sourceTree = "<group>"; };
		D497CC541C893A5500C9B1CC /* BIPageControl.m */ = {isa = PBXFileReference; fileEncoding = 4; lastKnownFileType = sourcecode.c.objc; path = BIPageControl.m; sourceTree = "<group>"; };
		D497CC551C893A5500C9B1CC /* iCarrouselProgressView.h */ = {isa = PBXFileReference; fileEncoding = 4; lastKnownFileType = sourcecode.c.h; path = iCarrouselProgressView.h; sourceTree = "<group>"; };
		D497CC561C893A5500C9B1CC /* iCarrouselProgressView.m */ = {isa = PBXFileReference; fileEncoding = 4; lastKnownFileType = sourcecode.c.objc; path = iCarrouselProgressView.m; sourceTree = "<group>"; };
		D497CC571C893A5500C9B1CC /* iCarrouselSmallItemFlowLayout.h */ = {isa = PBXFileReference; fileEncoding = 4; lastKnownFileType = sourcecode.c.h; path = iCarrouselSmallItemFlowLayout.h; sourceTree = "<group>"; };
		D497CC581C893A5500C9B1CC /* iCarrouselSmallItemFlowLayout.m */ = {isa = PBXFileReference; fileEncoding = 4; lastKnownFileType = sourcecode.c.objc; path = iCarrouselSmallItemFlowLayout.m; sourceTree = "<group>"; };
		D497CC591C893A5500C9B1CC /* iCarrouselFlowLayout.h */ = {isa = PBXFileReference; fileEncoding = 4; lastKnownFileType = sourcecode.c.h; path = iCarrouselFlowLayout.h; sourceTree = "<group>"; };
		D497CC5A1C893A5500C9B1CC /* iCarrouselFlowLayout.m */ = {isa = PBXFileReference; fileEncoding = 4; lastKnownFileType = sourcecode.c.objc; path = iCarrouselFlowLayout.m; sourceTree = "<group>"; };
		D497CC5B1C893A5500C9B1CC /* iCarrouselContainerView.h */ = {isa = PBXFileReference; fileEncoding = 4; lastKnownFileType = sourcecode.c.h; path = iCarrouselContainerView.h; sourceTree = "<group>"; };
		D497CC5C1C893A5500C9B1CC /* iCarrouselContainerView.m */ = {isa = PBXFileReference; fileEncoding = 4; lastKnownFileType = sourcecode.c.objc; path = iCarrouselContainerView.m; sourceTree = "<group>"; };
		D497CC5D1C893A5500C9B1CC /* UICollectionViewCell+setData.h */ = {isa = PBXFileReference; fileEncoding = 4; lastKnownFileType = sourcecode.c.h; path = "UICollectionViewCell+setData.h"; sourceTree = "<group>"; };
		D497CC5E1C893A5500C9B1CC /* UICollectionViewCell+setData.m */ = {isa = PBXFileReference; fileEncoding = 4; lastKnownFileType = sourcecode.c.objc; path = "UICollectionViewCell+setData.m"; sourceTree = "<group>"; };
		D4B98BBB1CA150B60064A2B9 /* LatticeLayout.h */ = {isa = PBXFileReference; fileEncoding = 4; lastKnownFileType = sourcecode.c.h; path = LatticeLayout.h; sourceTree = "<group>"; };
		D4B98BBC1CA150B60064A2B9 /* LatticeLayout.m */ = {isa = PBXFileReference; fileEncoding = 4; lastKnownFileType = sourcecode.c.objc; path = LatticeLayout.m; sourceTree = "<group>"; };
/* End PBXFileReference section */

/* Begin PBXFrameworksBuildPhase section */
		D497CC331C8939B500C9B1CC /* Frameworks */ = {
			isa = PBXFrameworksBuildPhase;
			buildActionMask = 2147483647;
			files = (
				B9A0396D3081DF1C592B7F2D /* libPods-iCarrouselLayout.a in Frameworks */,
			);
			runOnlyForDeploymentPostprocessing = 0;
		};
/* End PBXFrameworksBuildPhase section */

/* Begin PBXGroup section */
		136216DC2E187390C9C36139 /* Pods */ = {
			isa = PBXGroup;
			children = (
				32F6B71D1474F9819C7D3677 /* Pods-iCarrouselLayout.debug.xcconfig */,
				D3B91DA18B300C1B5D42C7DE /* Pods-iCarrouselLayout.release.xcconfig */,
			);
			name = Pods;
			sourceTree = "<group>";
		};
		3B9009520335BB677EF9D7AA /* Frameworks */ = {
			isa = PBXGroup;
			children = (
				BB82EBB63FF354F69B20B405 /* libPods-iCarrouselLayout.a */,
			);
			name = Frameworks;
			sourceTree = "<group>";
		};
		D40723811C9FC65000D7E0E4 /* BIImageBrowserViewController */ = {
			isa = PBXGroup;
			children = (
				D40723821C9FC66B00D7E0E4 /* BIImageBrowserViewController.h */,
				D40723831C9FC66B00D7E0E4 /* BIImageBrowserViewController.m */,
				D40723851C9FC85A00D7E0E4 /* BIImageBrowserTransition.h */,
				D40723861C9FC85A00D7E0E4 /* BIImageBrowserTransition.m */,
				D4B98BBB1CA150B60064A2B9 /* LatticeLayout.h */,
				D4B98BBC1CA150B60064A2B9 /* LatticeLayout.m */,
			);
			path = BIImageBrowserViewController;
			sourceTree = "<group>";
		};
		D497CC2D1C8939B500C9B1CC = {
			isa = PBXGroup;
			children = (
				D497CC381C8939B500C9B1CC /* iCarrouselLayout */,
				D497CC371C8939B500C9B1CC /* Products */,
				136216DC2E187390C9C36139 /* Pods */,
				3B9009520335BB677EF9D7AA /* Frameworks */,
			);
			sourceTree = "<group>";
		};
		D497CC371C8939B500C9B1CC /* Products */ = {
			isa = PBXGroup;
			children = (
				D497CC361C8939B500C9B1CC /* iCarrouselLayout.app */,
			);
			name = Products;
			sourceTree = "<group>";
		};
		D497CC381C8939B500C9B1CC /* iCarrouselLayout */ = {
			isa = PBXGroup;
			children = (
				D40723811C9FC65000D7E0E4 /* BIImageBrowserViewController */,
				D497CC3C1C8939B500C9B1CC /* AppDelegate.h */,
				D497CC3D1C8939B500C9B1CC /* AppDelegate.m */,
				45D2A99E1CA16D1700A465C4 /* LatticesTableViewCell.h */,
				45D2A99F1CA16D1700A465C4 /* LatticesTableViewCell.m */,
				D497CC3F1C8939B500C9B1CC /* ViewController.h */,
				D497CC401C8939B500C9B1CC /* ViewController.m */,
				D497CC531C893A5500C9B1CC /* BIPageControl.h */,
				D497CC541C893A5500C9B1CC /* BIPageControl.m */,
				D497CC551C893A5500C9B1CC /* iCarrouselProgressView.h */,
				D497CC561C893A5500C9B1CC /* iCarrouselProgressView.m */,
				D497CC571C893A5500C9B1CC /* iCarrouselSmallItemFlowLayout.h */,
				D497CC581C893A5500C9B1CC /* iCarrouselSmallItemFlowLayout.m */,
				D497CC591C893A5500C9B1CC /* iCarrouselFlowLayout.h */,
				D497CC5A1C893A5500C9B1CC /* iCarrouselFlowLayout.m */,
				D497CC5B1C893A5500C9B1CC /* iCarrouselContainerView.h */,
				D497CC5C1C893A5500C9B1CC /* iCarrouselContainerView.m */,
				D497CC5D1C893A5500C9B1CC /* UICollectionViewCell+setData.h */,
				D497CC5E1C893A5500C9B1CC /* UICollectionViewCell+setData.m */,
				D497CC421C8939B500C9B1CC /* Main.storyboard */,
				D497CC451C8939B500C9B1CC /* Assets.xcassets */,
				D497CC471C8939B500C9B1CC /* LaunchScreen.storyboard */,
				D497CC4A1C8939B500C9B1CC /* Info.plist */,
				D497CC391C8939B500C9B1CC /* Supporting Files */,
			);
			path = iCarrouselLayout;
			sourceTree = "<group>";
		};
		D497CC391C8939B500C9B1CC /* Supporting Files */ = {
			isa = PBXGroup;
			children = (
				D497CC3A1C8939B500C9B1CC /* main.m */,
			);
			name = "Supporting Files";
			sourceTree = "<group>";
		};
/* End PBXGroup section */

/* Begin PBXNativeTarget section */
		D497CC351C8939B500C9B1CC /* iCarrouselLayout */ = {
			isa = PBXNativeTarget;
			buildConfigurationList = D497CC4D1C8939B500C9B1CC /* Build configuration list for PBXNativeTarget "iCarrouselLayout" */;
			buildPhases = (
				EF9D699FFF69E47769B68443 /* Check Pods Manifest.lock */,
				D497CC321C8939B500C9B1CC /* Sources */,
				D497CC331C8939B500C9B1CC /* Frameworks */,
				D497CC341C8939B500C9B1CC /* Resources */,
				CE0EC3C1B64A303DC192CC2D /* Embed Pods Frameworks */,
				9706D8B45D6073969CA27C3D /* Copy Pods Resources */,
			);
			buildRules = (
			);
			dependencies = (
			);
			name = iCarrouselLayout;
			productName = iCarrouselLayout;
			productReference = D497CC361C8939B500C9B1CC /* iCarrouselLayout.app */;
			productType = "com.apple.product-type.application";
		};
/* End PBXNativeTarget section */

/* Begin PBXProject section */
		D497CC2E1C8939B500C9B1CC /* Project object */ = {
			isa = PBXProject;
			attributes = {
				LastUpgradeCheck = 0720;
				ORGANIZATIONNAME = Butterfly;
				TargetAttributes = {
					D497CC351C8939B500C9B1CC = {
						CreatedOnToolsVersion = 7.2;
					};
				};
			};
			buildConfigurationList = D497CC311C8939B500C9B1CC /* Build configuration list for PBXProject "iCarrouselLayout" */;
			compatibilityVersion = "Xcode 3.2";
			developmentRegion = English;
			hasScannedForEncodings = 0;
			knownRegions = (
				en,
				Base,
			);
			mainGroup = D497CC2D1C8939B500C9B1CC;
			productRefGroup = D497CC371C8939B500C9B1CC /* Products */;
			projectDirPath = "";
			projectRoot = "";
			targets = (
				D497CC351C8939B500C9B1CC /* iCarrouselLayout */,
			);
		};
/* End PBXProject section */

/* Begin PBXResourcesBuildPhase section */
		D497CC341C8939B500C9B1CC /* Resources */ = {
			isa = PBXResourcesBuildPhase;
			buildActionMask = 2147483647;
			files = (
				D497CC491C8939B500C9B1CC /* LaunchScreen.storyboard in Resources */,
				D497CC461C8939B500C9B1CC /* Assets.xcassets in Resources */,
				D497CC441C8939B500C9B1CC /* Main.storyboard in Resources */,
			);
			runOnlyForDeploymentPostprocessing = 0;
		};
/* End PBXResourcesBuildPhase section */

/* Begin PBXShellScriptBuildPhase section */
		9706D8B45D6073969CA27C3D /* Copy Pods Resources */ = {
			isa = PBXShellScriptBuildPhase;
			buildActionMask = 2147483647;
			files = (
			);
			inputPaths = (
			);
			name = "Copy Pods Resources";
			outputPaths = (
			);
			runOnlyForDeploymentPostprocessing = 0;
			shellPath = /bin/sh;
			shellScript = "\"${SRCROOT}/Pods/Target Support Files/Pods-iCarrouselLayout/Pods-iCarrouselLayout-resources.sh\"\n";
			showEnvVarsInLog = 0;
		};
		CE0EC3C1B64A303DC192CC2D /* Embed Pods Frameworks */ = {
			isa = PBXShellScriptBuildPhase;
			buildActionMask = 2147483647;
			files = (
			);
			inputPaths = (
			);
			name = "Embed Pods Frameworks";
			outputPaths = (
			);
			runOnlyForDeploymentPostprocessing = 0;
			shellPath = /bin/sh;
			shellScript = "\"${SRCROOT}/Pods/Target Support Files/Pods-iCarrouselLayout/Pods-iCarrouselLayout-frameworks.sh\"\n";
			showEnvVarsInLog = 0;
		};
		EF9D699FFF69E47769B68443 /* Check Pods Manifest.lock */ = {
			isa = PBXShellScriptBuildPhase;
			buildActionMask = 2147483647;
			files = (
			);
			inputPaths = (
			);
			name = "Check Pods Manifest.lock";
			outputPaths = (
			);
			runOnlyForDeploymentPostprocessing = 0;
			shellPath = /bin/sh;
			shellScript = "diff \"${PODS_ROOT}/../Podfile.lock\" \"${PODS_ROOT}/Manifest.lock\" > /dev/null\nif [[ $? != 0 ]] ; then\n    cat << EOM\nerror: The sandbox is not in sync with the Podfile.lock. Run 'pod install' or update your CocoaPods installation.\nEOM\n    exit 1\nfi\n";
			showEnvVarsInLog = 0;
		};
/* End PBXShellScriptBuildPhase section */

/* Begin PBXSourcesBuildPhase section */
		D497CC321C8939B500C9B1CC /* Sources */ = {
			isa = PBXSourcesBuildPhase;
			buildActionMask = 2147483647;
			files = (
				D40723841C9FC66B00D7E0E4 /* BIImageBrowserViewController.m in Sources */,
				D497CC641C893A5500C9B1CC /* UICollectionViewCell+setData.m in Sources */,
				D4B98BBD1CA150B60064A2B9 /* LatticeLayout.m in Sources */,
				D497CC411C8939B500C9B1CC /* ViewController.m in Sources */,
				D497CC3E1C8939B500C9B1CC /* AppDelegate.m in Sources */,
				D497CC3B1C8939B500C9B1CC /* main.m in Sources */,
				D40723871C9FC85A00D7E0E4 /* BIImageBrowserTransition.m in Sources */,
				D497CC631C893A5500C9B1CC /* iCarrouselContainerView.m in Sources */,
				D497CC601C893A5500C9B1CC /* iCarrouselProgressView.m in Sources */,
				D497CC611C893A5500C9B1CC /* iCarrouselSmallItemFlowLayout.m in Sources */,
				D497CC621C893A5500C9B1CC /* iCarrouselFlowLayout.m in Sources */,
				D497CC5F1C893A5500C9B1CC /* BIPageControl.m in Sources */,
				45D2A9A01CA16D1700A465C4 /* LatticesTableViewCell.m in Sources */,
			);
			runOnlyForDeploymentPostprocessing = 0;
		};
/* End PBXSourcesBuildPhase section */

/* Begin PBXVariantGroup section */
		D497CC421C8939B500C9B1CC /* Main.storyboard */ = {
			isa = PBXVariantGroup;
			children = (
				D497CC431C8939B500C9B1CC /* Base */,
			);
			name = Main.storyboard;
			sourceTree = "<group>";
		};
		D497CC471C8939B500C9B1CC /* LaunchScreen.storyboard */ = {
			isa = PBXVariantGroup;
			children = (
				D497CC481C8939B500C9B1CC /* Base */,
			);
			name = LaunchScreen.storyboard;
			sourceTree = "<group>";
		};
/* End PBXVariantGroup section */

/* Begin XCBuildConfiguration section */
		D497CC4B1C8939B500C9B1CC /* Debug */ = {
			isa = XCBuildConfiguration;
			buildSettings = {
				ALWAYS_SEARCH_USER_PATHS = NO;
				CLANG_CXX_LANGUAGE_STANDARD = "gnu++0x";
				CLANG_CXX_LIBRARY = "libc++";
				CLANG_ENABLE_MODULES = YES;
				CLANG_ENABLE_OBJC_ARC = YES;
				CLANG_WARN_BOOL_CONVERSION = YES;
				CLANG_WARN_CONSTANT_CONVERSION = YES;
				CLANG_WARN_DIRECT_OBJC_ISA_USAGE = YES_ERROR;
				CLANG_WARN_EMPTY_BODY = YES;
				CLANG_WARN_ENUM_CONVERSION = YES;
				CLANG_WARN_INT_CONVERSION = YES;
				CLANG_WARN_OBJC_ROOT_CLASS = YES_ERROR;
				CLANG_WARN_UNREACHABLE_CODE = YES;
				CLANG_WARN__DUPLICATE_METHOD_MATCH = YES;
				"CODE_SIGN_IDENTITY[sdk=iphoneos*]" = "iPhone Developer";
				COPY_PHASE_STRIP = NO;
				DEBUG_INFORMATION_FORMAT = dwarf;
				ENABLE_STRICT_OBJC_MSGSEND = YES;
				ENABLE_TESTABILITY = YES;
				GCC_C_LANGUAGE_STANDARD = gnu99;
				GCC_DYNAMIC_NO_PIC = NO;
				GCC_NO_COMMON_BLOCKS = YES;
				GCC_OPTIMIZATION_LEVEL = 0;
				GCC_PREPROCESSOR_DEFINITIONS = (
					"DEBUG=1",
					"$(inherited)",
				);
				GCC_WARN_64_TO_32_BIT_CONVERSION = YES;
				GCC_WARN_ABOUT_RETURN_TYPE = YES_ERROR;
				GCC_WARN_UNDECLARED_SELECTOR = YES;
				GCC_WARN_UNINITIALIZED_AUTOS = YES_AGGRESSIVE;
				GCC_WARN_UNUSED_FUNCTION = YES;
				GCC_WARN_UNUSED_VARIABLE = YES;
				IPHONEOS_DEPLOYMENT_TARGET = 9.2;
				MTL_ENABLE_DEBUG_INFO = YES;
				ONLY_ACTIVE_ARCH = YES;
				SDKROOT = iphoneos;
				TARGETED_DEVICE_FAMILY = "1,2";
			};
			name = Debug;
		};
		D497CC4C1C8939B500C9B1CC /* Release */ = {
			isa = XCBuildConfiguration;
			buildSettings = {
				ALWAYS_SEARCH_USER_PATHS = NO;
				CLANG_CXX_LANGUAGE_STANDARD = "gnu++0x";
				CLANG_CXX_LIBRARY = "libc++";
				CLANG_ENABLE_MODULES = YES;
				CLANG_ENABLE_OBJC_ARC = YES;
				CLANG_WARN_BOOL_CONVERSION = YES;
				CLANG_WARN_CONSTANT_CONVERSION = YES;
				CLANG_WARN_DIRECT_OBJC_ISA_USAGE = YES_ERROR;
				CLANG_WARN_EMPTY_BODY = YES;
				CLANG_WARN_ENUM_CONVERSION = YES;
				CLANG_WARN_INT_CONVERSION = YES;
				CLANG_WARN_OBJC_ROOT_CLASS = YES_ERROR;
				CLANG_WARN_UNREACHABLE_CODE = YES;
				CLANG_WARN__DUPLICATE_METHOD_MATCH = YES;
				"CODE_SIGN_IDENTITY[sdk=iphoneos*]" = "iPhone Developer";
				COPY_PHASE_STRIP = NO;
				DEBUG_INFORMATION_FORMAT = "dwarf-with-dsym";
				ENABLE_NS_ASSERTIONS = NO;
				ENABLE_STRICT_OBJC_MSGSEND = YES;
				GCC_C_LANGUAGE_STANDARD = gnu99;
				GCC_NO_COMMON_BLOCKS = YES;
				GCC_WARN_64_TO_32_BIT_CONVERSION = YES;
				GCC_WARN_ABOUT_RETURN_TYPE = YES_ERROR;
				GCC_WARN_UNDECLARED_SELECTOR = YES;
				GCC_WARN_UNINITIALIZED_AUTOS = YES_AGGRESSIVE;
				GCC_WARN_UNUSED_FUNCTION = YES;
				GCC_WARN_UNUSED_VARIABLE = YES;
				IPHONEOS_DEPLOYMENT_TARGET = 9.2;
				MTL_ENABLE_DEBUG_INFO = NO;
				SDKROOT = iphoneos;
				TARGETED_DEVICE_FAMILY = "1,2";
				VALIDATE_PRODUCT = YES;
			};
			name = Release;
		};
		D497CC4E1C8939B500C9B1CC /* Debug */ = {
			isa = XCBuildConfiguration;
			baseConfigurationReference = 32F6B71D1474F9819C7D3677 /* Pods-iCarrouselLayout.debug.xcconfig */;
			buildSettings = {
				ASSETCATALOG_COMPILER_APPICON_NAME = AppIcon;
				INFOPLIST_FILE = iCarrouselLayout/Info.plist;
				IPHONEOS_DEPLOYMENT_TARGET = 7.0;
				LD_RUNPATH_SEARCH_PATHS = "$(inherited) @executable_path/Frameworks";
				PRODUCT_BUNDLE_IDENTIFIER = Binglin.iCarrouselLayout;
				PRODUCT_NAME = "$(TARGET_NAME)";
			};
			name = Debug;
		};
		D497CC4F1C8939B500C9B1CC /* Release */ = {
			isa = XCBuildConfiguration;
			baseConfigurationReference = D3B91DA18B300C1B5D42C7DE /* Pods-iCarrouselLayout.release.xcconfig */;
			buildSettings = {
				ASSETCATALOG_COMPILER_APPICON_NAME = AppIcon;
				INFOPLIST_FILE = iCarrouselLayout/Info.plist;
				IPHONEOS_DEPLOYMENT_TARGET = 7.0;
				LD_RUNPATH_SEARCH_PATHS = "$(inherited) @executable_path/Frameworks";
				PRODUCT_BUNDLE_IDENTIFIER = Binglin.iCarrouselLayout;
				PRODUCT_NAME = "$(TARGET_NAME)";
			};
			name = Release;
		};
/* End XCBuildConfiguration section */

/* Begin XCConfigurationList section */
		D497CC311C8939B500C9B1CC /* Build configuration list for PBXProject "iCarrouselLayout" */ = {
			isa = XCConfigurationList;
			buildConfigurations = (
				D497CC4B1C8939B500C9B1CC /* Debug */,
				D497CC4C1C8939B500C9B1CC /* Release */,
			);
			defaultConfigurationIsVisible = 0;
			defaultConfigurationName = Release;
		};
		D497CC4D1C8939B500C9B1CC /* Build configuration list for PBXNativeTarget "iCarrouselLayout" */ = {
			isa = XCConfigurationList;
			buildConfigurations = (
				D497CC4E1C8939B500C9B1CC /* Debug */,
				D497CC4F1C8939B500C9B1CC /* Release */,
			);
			defaultConfigurationIsVisible = 0;
			defaultConfigurationName = Release;
		};
/* End XCConfigurationList section */
	};
	rootObject = D497CC2E1C8939B500C9B1CC /* Project object */;
}
